
Microsoft Visual Studio Solution File, Format Version 12.00
# Visual Studio 15
VisualStudioVersion = 15.0.26124.0
MinimumVisualStudioVersion = 15.0.26124.0
Project("{FAE04EC0-301F-11D3-BF4B-00C04F79EFBC}") = "SeeSharp", "SeeSharp\SeeSharp.csproj", "{3B8C0540-28DA-4071-A3B1-03391D07630F}"
EndProject
Project("{FAE04EC0-301F-11D3-BF4B-00C04F79EFBC}") = "SeeSharp.Tests", "SeeSharp.Tests\SeeSharp.Tests.csproj", "{97DFC525-75C9-415C-B987-001E059C1671}"
EndProject
Project("{FAE04EC0-301F-11D3-BF4B-00C04F79EFBC}") = "SeeSharp.Validation", "SeeSharp.Validation\SeeSharp.Validation.csproj", "{81C895E3-79F4-426C-93D2-9E488E0E302C}"
EndProject
Project("{FAE04EC0-301F-11D3-BF4B-00C04F79EFBC}") = "SeeSharp.IntegrationTests", "SeeSharp.IntegrationTests\SeeSharp.IntegrationTests.csproj", "{D499CEF2-EE66-4E24-A86C-10596E740DF8}"
EndProject
Project("{FAE04EC0-301F-11D3-BF4B-00C04F79EFBC}") = "SeeSharp.Benchmark", "SeeSharp.Benchmark\SeeSharp.Benchmark.csproj", "{957383F5-B5A0-4CA5-A283-0F2154FFC96A}"
EndProject
Project("{FAE04EC0-301F-11D3-BF4B-00C04F79EFBC}") = "SeeSharp.Examples", "SeeSharp.Examples\SeeSharp.Examples.csproj", "{5FB3E5AD-2DB5-4A84-9E03-268AF95C5C6D}"
EndProject
Project("{FAE04EC0-301F-11D3-BF4B-00C04F79EFBC}") = "SeeSharp.PreviewRender", "SeeSharp.PreviewRender\SeeSharp.PreviewRender.csproj", "{93EBE289-351C-4F29-95CA-B559F3675031}"
EndProject
Project("{FAE04EC0-301F-11D3-BF4B-00C04F79EFBC}") = "SeeSharp.ToMitsuba", "SeeSharp.ToMitsuba\SeeSharp.ToMitsuba.csproj", "{83FE3967-6070-4BF3-8861-6410B877CB45}"
EndProject
Project("{FAE04EC0-301F-11D3-BF4B-00C04F79EFBC}") = "SeeSharp.Templates", "SeeSharp.Templates\SeeSharp.Templates.csproj", "{C64F4190-EAB3-4EC5-B882-7FDFADB91580}"
EndProject
Project("{FAE04EC0-301F-11D3-BF4B-00C04F79EFBC}") = "SeeSharp.Blazor", "SeeSharp.Blazor\SeeSharp.Blazor.csproj", "{613CF821-48F6-41C8-A2E6-0E8B7479D9DA}"
EndProject
Project("{FAE04EC0-301F-11D3-BF4B-00C04F79EFBC}") = "MaterialTest", "MaterialTest\MaterialTest.csproj", "{5440A486-D6C5-47C8-8B53-C09F1EFE0A7F}"
EndProject
Global
	GlobalSection(SolutionConfigurationPlatforms) = preSolution
		Debug|Any CPU = Debug|Any CPU
		Debug|x64 = Debug|x64
		Debug|x86 = Debug|x86
		Release|Any CPU = Release|Any CPU
		Release|x64 = Release|x64
		Release|x86 = Release|x86
	EndGlobalSection
	GlobalSection(SolutionProperties) = preSolution
		HideSolutionNode = FALSE
	EndGlobalSection
	GlobalSection(ProjectConfigurationPlatforms) = postSolution
		{3B8C0540-28DA-4071-A3B1-03391D07630F}.Debug|Any CPU.ActiveCfg = Debug|Any CPU
		{3B8C0540-28DA-4071-A3B1-03391D07630F}.Debug|Any CPU.Build.0 = Debug|Any CPU
		{3B8C0540-28DA-4071-A3B1-03391D07630F}.Debug|x64.ActiveCfg = Debug|Any CPU
		{3B8C0540-28DA-4071-A3B1-03391D07630F}.Debug|x64.Build.0 = Debug|Any CPU
		{3B8C0540-28DA-4071-A3B1-03391D07630F}.Debug|x86.ActiveCfg = Debug|Any CPU
		{3B8C0540-28DA-4071-A3B1-03391D07630F}.Debug|x86.Build.0 = Debug|Any CPU
		{3B8C0540-28DA-4071-A3B1-03391D07630F}.Release|Any CPU.ActiveCfg = Release|Any CPU
		{3B8C0540-28DA-4071-A3B1-03391D07630F}.Release|Any CPU.Build.0 = Release|Any CPU
		{3B8C0540-28DA-4071-A3B1-03391D07630F}.Release|x64.ActiveCfg = Release|Any CPU
		{3B8C0540-28DA-4071-A3B1-03391D07630F}.Release|x64.Build.0 = Release|Any CPU
		{3B8C0540-28DA-4071-A3B1-03391D07630F}.Release|x86.ActiveCfg = Release|Any CPU
		{3B8C0540-28DA-4071-A3B1-03391D07630F}.Release|x86.Build.0 = Release|Any CPU
		{97DFC525-75C9-415C-B987-001E059C1671}.Debug|Any CPU.ActiveCfg = Debug|Any CPU
		{97DFC525-75C9-415C-B987-001E059C1671}.Debug|Any CPU.Build.0 = Debug|Any CPU
		{97DFC525-75C9-415C-B987-001E059C1671}.Debug|x64.ActiveCfg = Debug|Any CPU
		{97DFC525-75C9-415C-B987-001E059C1671}.Debug|x64.Build.0 = Debug|Any CPU
		{97DFC525-75C9-415C-B987-001E059C1671}.Debug|x86.ActiveCfg = Debug|Any CPU
		{97DFC525-75C9-415C-B987-001E059C1671}.Debug|x86.Build.0 = Debug|Any CPU
		{97DFC525-75C9-415C-B987-001E059C1671}.Release|Any CPU.ActiveCfg = Release|Any CPU
		{97DFC525-75C9-415C-B987-001E059C1671}.Release|Any CPU.Build.0 = Release|Any CPU
		{97DFC525-75C9-415C-B987-001E059C1671}.Release|x64.ActiveCfg = Release|Any CPU
		{97DFC525-75C9-415C-B987-001E059C1671}.Release|x64.Build.0 = Release|Any CPU
		{97DFC525-75C9-415C-B987-001E059C1671}.Release|x86.ActiveCfg = Release|Any CPU
		{97DFC525-75C9-415C-B987-001E059C1671}.Release|x86.Build.0 = Release|Any CPU
		{81C895E3-79F4-426C-93D2-9E488E0E302C}.Debug|Any CPU.ActiveCfg = Debug|Any CPU
		{81C895E3-79F4-426C-93D2-9E488E0E302C}.Debug|Any CPU.Build.0 = Debug|Any CPU
		{81C895E3-79F4-426C-93D2-9E488E0E302C}.Debug|x64.ActiveCfg = Debug|Any CPU
		{81C895E3-79F4-426C-93D2-9E488E0E302C}.Debug|x64.Build.0 = Debug|Any CPU
		{81C895E3-79F4-426C-93D2-9E488E0E302C}.Debug|x86.ActiveCfg = Debug|Any CPU
		{81C895E3-79F4-426C-93D2-9E488E0E302C}.Debug|x86.Build.0 = Debug|Any CPU
		{81C895E3-79F4-426C-93D2-9E488E0E302C}.Release|Any CPU.ActiveCfg = Release|Any CPU
		{81C895E3-79F4-426C-93D2-9E488E0E302C}.Release|Any CPU.Build.0 = Release|Any CPU
		{81C895E3-79F4-426C-93D2-9E488E0E302C}.Release|x64.ActiveCfg = Release|Any CPU
		{81C895E3-79F4-426C-93D2-9E488E0E302C}.Release|x64.Build.0 = Release|Any CPU
		{81C895E3-79F4-426C-93D2-9E488E0E302C}.Release|x86.ActiveCfg = Release|Any CPU
		{81C895E3-79F4-426C-93D2-9E488E0E302C}.Release|x86.Build.0 = Release|Any CPU
		{D499CEF2-EE66-4E24-A86C-10596E740DF8}.Debug|Any CPU.ActiveCfg = Debug|Any CPU
		{D499CEF2-EE66-4E24-A86C-10596E740DF8}.Debug|Any CPU.Build.0 = Debug|Any CPU
		{D499CEF2-EE66-4E24-A86C-10596E740DF8}.Debug|x64.ActiveCfg = Debug|Any CPU
		{D499CEF2-EE66-4E24-A86C-10596E740DF8}.Debug|x64.Build.0 = Debug|Any CPU
		{D499CEF2-EE66-4E24-A86C-10596E740DF8}.Debug|x86.ActiveCfg = Debug|Any CPU
		{D499CEF2-EE66-4E24-A86C-10596E740DF8}.Debug|x86.Build.0 = Debug|Any CPU
		{D499CEF2-EE66-4E24-A86C-10596E740DF8}.Release|Any CPU.ActiveCfg = Release|Any CPU
		{D499CEF2-EE66-4E24-A86C-10596E740DF8}.Release|Any CPU.Build.0 = Release|Any CPU
		{D499CEF2-EE66-4E24-A86C-10596E740DF8}.Release|x64.ActiveCfg = Release|Any CPU
		{D499CEF2-EE66-4E24-A86C-10596E740DF8}.Release|x64.Build.0 = Release|Any CPU
		{D499CEF2-EE66-4E24-A86C-10596E740DF8}.Release|x86.ActiveCfg = Release|Any CPU
		{D499CEF2-EE66-4E24-A86C-10596E740DF8}.Release|x86.Build.0 = Release|Any CPU
		{957383F5-B5A0-4CA5-A283-0F2154FFC96A}.Debug|Any CPU.ActiveCfg = Debug|Any CPU
		{957383F5-B5A0-4CA5-A283-0F2154FFC96A}.Debug|Any CPU.Build.0 = Debug|Any CPU
		{957383F5-B5A0-4CA5-A283-0F2154FFC96A}.Debug|x64.ActiveCfg = Debug|Any CPU
		{957383F5-B5A0-4CA5-A283-0F2154FFC96A}.Debug|x64.Build.0 = Debug|Any CPU
		{957383F5-B5A0-4CA5-A283-0F2154FFC96A}.Debug|x86.ActiveCfg = Debug|Any CPU
		{957383F5-B5A0-4CA5-A283-0F2154FFC96A}.Debug|x86.Build.0 = Debug|Any CPU
		{957383F5-B5A0-4CA5-A283-0F2154FFC96A}.Release|Any CPU.ActiveCfg = Release|Any CPU
		{957383F5-B5A0-4CA5-A283-0F2154FFC96A}.Release|Any CPU.Build.0 = Release|Any CPU
		{957383F5-B5A0-4CA5-A283-0F2154FFC96A}.Release|x64.ActiveCfg = Release|Any CPU
		{957383F5-B5A0-4CA5-A283-0F2154FFC96A}.Release|x64.Build.0 = Release|Any CPU
		{957383F5-B5A0-4CA5-A283-0F2154FFC96A}.Release|x86.ActiveCfg = Release|Any CPU
		{957383F5-B5A0-4CA5-A283-0F2154FFC96A}.Release|x86.Build.0 = Release|Any CPU
		{5FB3E5AD-2DB5-4A84-9E03-268AF95C5C6D}.Debug|Any CPU.ActiveCfg = Debug|Any CPU
		{5FB3E5AD-2DB5-4A84-9E03-268AF95C5C6D}.Debug|Any CPU.Build.0 = Debug|Any CPU
		{5FB3E5AD-2DB5-4A84-9E03-268AF95C5C6D}.Debug|x64.ActiveCfg = Debug|Any CPU
		{5FB3E5AD-2DB5-4A84-9E03-268AF95C5C6D}.Debug|x64.Build.0 = Debug|Any CPU
		{5FB3E5AD-2DB5-4A84-9E03-268AF95C5C6D}.Debug|x86.ActiveCfg = Debug|Any CPU
		{5FB3E5AD-2DB5-4A84-9E03-268AF95C5C6D}.Debug|x86.Build.0 = Debug|Any CPU
		{5FB3E5AD-2DB5-4A84-9E03-268AF95C5C6D}.Release|Any CPU.ActiveCfg = Release|Any CPU
		{5FB3E5AD-2DB5-4A84-9E03-268AF95C5C6D}.Release|Any CPU.Build.0 = Release|Any CPU
		{5FB3E5AD-2DB5-4A84-9E03-268AF95C5C6D}.Release|x64.ActiveCfg = Release|Any CPU
		{5FB3E5AD-2DB5-4A84-9E03-268AF95C5C6D}.Release|x64.Build.0 = Release|Any CPU
		{5FB3E5AD-2DB5-4A84-9E03-268AF95C5C6D}.Release|x86.ActiveCfg = Release|Any CPU
		{5FB3E5AD-2DB5-4A84-9E03-268AF95C5C6D}.Release|x86.Build.0 = Release|Any CPU
		{93EBE289-351C-4F29-95CA-B559F3675031}.Debug|Any CPU.ActiveCfg = Debug|Any CPU
		{93EBE289-351C-4F29-95CA-B559F3675031}.Debug|Any CPU.Build.0 = Debug|Any CPU
		{93EBE289-351C-4F29-95CA-B559F3675031}.Debug|x64.ActiveCfg = Debug|Any CPU
		{93EBE289-351C-4F29-95CA-B559F3675031}.Debug|x64.Build.0 = Debug|Any CPU
		{93EBE289-351C-4F29-95CA-B559F3675031}.Debug|x86.ActiveCfg = Debug|Any CPU
		{93EBE289-351C-4F29-95CA-B559F3675031}.Debug|x86.Build.0 = Debug|Any CPU
		{93EBE289-351C-4F29-95CA-B559F3675031}.Release|Any CPU.ActiveCfg = Release|Any CPU
		{93EBE289-351C-4F29-95CA-B559F3675031}.Release|Any CPU.Build.0 = Release|Any CPU
		{93EBE289-351C-4F29-95CA-B559F3675031}.Release|x64.ActiveCfg = Release|Any CPU
		{93EBE289-351C-4F29-95CA-B559F3675031}.Release|x64.Build.0 = Release|Any CPU
		{93EBE289-351C-4F29-95CA-B559F3675031}.Release|x86.ActiveCfg = Release|Any CPU
		{93EBE289-351C-4F29-95CA-B559F3675031}.Release|x86.Build.0 = Release|Any CPU
		{83FE3967-6070-4BF3-8861-6410B877CB45}.Debug|Any CPU.ActiveCfg = Debug|Any CPU
		{83FE3967-6070-4BF3-8861-6410B877CB45}.Debug|Any CPU.Build.0 = Debug|Any CPU
		{83FE3967-6070-4BF3-8861-6410B877CB45}.Debug|x64.ActiveCfg = Debug|Any CPU
		{83FE3967-6070-4BF3-8861-6410B877CB45}.Debug|x64.Build.0 = Debug|Any CPU
		{83FE3967-6070-4BF3-8861-6410B877CB45}.Debug|x86.ActiveCfg = Debug|Any CPU
		{83FE3967-6070-4BF3-8861-6410B877CB45}.Debug|x86.Build.0 = Debug|Any CPU
		{83FE3967-6070-4BF3-8861-6410B877CB45}.Release|Any CPU.ActiveCfg = Release|Any CPU
		{83FE3967-6070-4BF3-8861-6410B877CB45}.Release|Any CPU.Build.0 = Release|Any CPU
		{83FE3967-6070-4BF3-8861-6410B877CB45}.Release|x64.ActiveCfg = Release|Any CPU
		{83FE3967-6070-4BF3-8861-6410B877CB45}.Release|x64.Build.0 = Release|Any CPU
		{83FE3967-6070-4BF3-8861-6410B877CB45}.Release|x86.ActiveCfg = Release|Any CPU
		{83FE3967-6070-4BF3-8861-6410B877CB45}.Release|x86.Build.0 = Release|Any CPU
		{C64F4190-EAB3-4EC5-B882-7FDFADB91580}.Debug|Any CPU.ActiveCfg = Debug|Any CPU
		{C64F4190-EAB3-4EC5-B882-7FDFADB91580}.Debug|Any CPU.Build.0 = Debug|Any CPU
		{C64F4190-EAB3-4EC5-B882-7FDFADB91580}.Debug|x64.ActiveCfg = Debug|Any CPU
		{C64F4190-EAB3-4EC5-B882-7FDFADB91580}.Debug|x64.Build.0 = Debug|Any CPU
		{C64F4190-EAB3-4EC5-B882-7FDFADB91580}.Debug|x86.ActiveCfg = Debug|Any CPU
		{C64F4190-EAB3-4EC5-B882-7FDFADB91580}.Debug|x86.Build.0 = Debug|Any CPU
		{C64F4190-EAB3-4EC5-B882-7FDFADB91580}.Release|Any CPU.ActiveCfg = Release|Any CPU
		{C64F4190-EAB3-4EC5-B882-7FDFADB91580}.Release|Any CPU.Build.0 = Release|Any CPU
		{C64F4190-EAB3-4EC5-B882-7FDFADB91580}.Release|x64.ActiveCfg = Release|Any CPU
		{C64F4190-EAB3-4EC5-B882-7FDFADB91580}.Release|x64.Build.0 = Release|Any CPU
		{C64F4190-EAB3-4EC5-B882-7FDFADB91580}.Release|x86.ActiveCfg = Release|Any CPU
		{C64F4190-EAB3-4EC5-B882-7FDFADB91580}.Release|x86.Build.0 = Release|Any CPU
		{613CF821-48F6-41C8-A2E6-0E8B7479D9DA}.Debug|Any CPU.ActiveCfg = Debug|Any CPU
		{613CF821-48F6-41C8-A2E6-0E8B7479D9DA}.Debug|Any CPU.Build.0 = Debug|Any CPU
		{613CF821-48F6-41C8-A2E6-0E8B7479D9DA}.Debug|x64.ActiveCfg = Debug|Any CPU
		{613CF821-48F6-41C8-A2E6-0E8B7479D9DA}.Debug|x64.Build.0 = Debug|Any CPU
		{613CF821-48F6-41C8-A2E6-0E8B7479D9DA}.Debug|x86.ActiveCfg = Debug|Any CPU
		{613CF821-48F6-41C8-A2E6-0E8B7479D9DA}.Debug|x86.Build.0 = Debug|Any CPU
		{613CF821-48F6-41C8-A2E6-0E8B7479D9DA}.Release|Any CPU.ActiveCfg = Release|Any CPU
		{613CF821-48F6-41C8-A2E6-0E8B7479D9DA}.Release|Any CPU.Build.0 = Release|Any CPU
		{613CF821-48F6-41C8-A2E6-0E8B7479D9DA}.Release|x64.ActiveCfg = Release|Any CPU
		{613CF821-48F6-41C8-A2E6-0E8B7479D9DA}.Release|x64.Build.0 = Release|Any CPU
		{613CF821-48F6-41C8-A2E6-0E8B7479D9DA}.Release|x86.ActiveCfg = Release|Any CPU
		{613CF821-48F6-41C8-A2E6-0E8B7479D9DA}.Release|x86.Build.0 = Release|Any CPU
		{5440A486-D6C5-47C8-8B53-C09F1EFE0A7F}.Debug|Any CPU.ActiveCfg = Debug|Any CPU
		{5440A486-D6C5-47C8-8B53-C09F1EFE0A7F}.Debug|Any CPU.Build.0 = Debug|Any CPU
		{5440A486-D6C5-47C8-8B53-C09F1EFE0A7F}.Debug|x64.ActiveCfg = Debug|Any CPU
		{5440A486-D6C5-47C8-8B53-C09F1EFE0A7F}.Debug|x64.Build.0 = Debug|Any CPU
		{5440A486-D6C5-47C8-8B53-C09F1EFE0A7F}.Debug|x86.ActiveCfg = Debug|Any CPU
		{5440A486-D6C5-47C8-8B53-C09F1EFE0A7F}.Debug|x86.Build.0 = Debug|Any CPU
		{5440A486-D6C5-47C8-8B53-C09F1EFE0A7F}.Release|Any CPU.ActiveCfg = Release|Any CPU
		{5440A486-D6C5-47C8-8B53-C09F1EFE0A7F}.Release|Any CPU.Build.0 = Release|Any CPU
		{5440A486-D6C5-47C8-8B53-C09F1EFE0A7F}.Release|x64.ActiveCfg = Release|Any CPU
		{5440A486-D6C5-47C8-8B53-C09F1EFE0A7F}.Release|x64.Build.0 = Release|Any CPU
		{5440A486-D6C5-47C8-8B53-C09F1EFE0A7F}.Release|x86.ActiveCfg = Release|Any CPU
		{5440A486-D6C5-47C8-8B53-C09F1EFE0A7F}.Release|x86.Build.0 = Release|Any CPU
	EndGlobalSection
EndGlobal
