
Microsoft Visual Studio Solution File, Format Version 12.00
# Visual Studio Version 16
VisualStudioVersion = 16.0.30011.22
MinimumVisualStudioVersion = 15.0.26124.0
Project("{9A19103F-16F7-4668-BE54-9A1E7A4F7556}") = "Validation", "src\SeeSharp\Validation\Validation.csproj", "{6043B8C0-B33D-4898-BA1A-D97FA8F1F127}"
EndProject
Project("{9A19103F-16F7-4668-BE54-9A1E7A4F7556}") = "Integrators", "src\SeeSharp\Integrators\Integrators.csproj", "{B2C79F47-073A-44E3-8B2A-0F3507A02A10}"
EndProject
Project("{9A19103F-16F7-4668-BE54-9A1E7A4F7556}") = "Core", "src\SeeSharp\Core\Core.csproj", "{2E06055D-E13E-4266-ABBA-D270B9C0BCB0}"
EndProject
Project("{9A19103F-16F7-4668-BE54-9A1E7A4F7556}") = "Integrators.Tests", "src\SeeSharp\Integrators.Tests\Integrators.Tests.csproj", "{2498C72E-7351-4A51-B21D-558E1ACA037C}"
EndProject
Project("{9A19103F-16F7-4668-BE54-9A1E7A4F7556}") = "Core.Tests", "src\SeeSharp\Core.Tests\Core.Tests.csproj", "{749A8035-A5DA-4B15-BF9E-21B631E24F68}"
EndProject
Project("{2150E333-8FDC-42A3-9474-1A3956D46DE8}") = "Solution Items", "Solution Items", "{4972C1E0-5294-4AF5-B5C3-06DE738A9599}"
	ProjectSection(SolutionItems) = preProject
		.editorconfig = .editorconfig
	EndProjectSection
EndProject
Project("{FAE04EC0-301F-11D3-BF4B-00C04F79EFBC}") = "Experiments", "src\SeeSharp\Experiments\Experiments.csproj", "{6D8FE7F6-B10C-4A07-89DA-AC22F87675E9}"
EndProject
Project("{2150E333-8FDC-42A3-9474-1A3956D46DE8}") = "src", "src", "{500DE33E-99C0-44F0-831A-8239D65E964B}"
EndProject
Project("{2150E333-8FDC-42A3-9474-1A3956D46DE8}") = "SeeSharp", "SeeSharp", "{65379E63-BBD0-4F21-828B-127A93C5BE23}"
EndProject
Project("{FAE04EC0-301F-11D3-BF4B-00C04F79EFBC}") = "Core.Benchmark", "src\SeeSharp\Core.Benchmark\Core.Benchmark.csproj", "{A74A7EFC-9707-4C22-9DE9-1095F209E40F}"
EndProject
Global
	GlobalSection(SolutionConfigurationPlatforms) = preSolution
		Debug|Any CPU = Debug|Any CPU
		Debug|x64 = Debug|x64
		Debug|x86 = Debug|x86
		Release|Any CPU = Release|Any CPU
		Release|x64 = Release|x64
		Release|x86 = Release|x86
	EndGlobalSection
	GlobalSection(ProjectConfigurationPlatforms) = postSolution
		{6043B8C0-B33D-4898-BA1A-D97FA8F1F127}.Debug|Any CPU.ActiveCfg = Debug|Any CPU
		{6043B8C0-B33D-4898-BA1A-D97FA8F1F127}.Debug|Any CPU.Build.0 = Debug|Any CPU
		{6043B8C0-B33D-4898-BA1A-D97FA8F1F127}.Debug|x64.ActiveCfg = Debug|Any CPU
		{6043B8C0-B33D-4898-BA1A-D97FA8F1F127}.Debug|x64.Build.0 = Debug|Any CPU
		{6043B8C0-B33D-4898-BA1A-D97FA8F1F127}.Debug|x86.ActiveCfg = Debug|Any CPU
		{6043B8C0-B33D-4898-BA1A-D97FA8F1F127}.Debug|x86.Build.0 = Debug|Any CPU
		{6043B8C0-B33D-4898-BA1A-D97FA8F1F127}.Release|Any CPU.ActiveCfg = Release|Any CPU
		{6043B8C0-B33D-4898-BA1A-D97FA8F1F127}.Release|Any CPU.Build.0 = Release|Any CPU
		{6043B8C0-B33D-4898-BA1A-D97FA8F1F127}.Release|x64.ActiveCfg = Release|Any CPU
		{6043B8C0-B33D-4898-BA1A-D97FA8F1F127}.Release|x64.Build.0 = Release|Any CPU
		{6043B8C0-B33D-4898-BA1A-D97FA8F1F127}.Release|x86.ActiveCfg = Release|Any CPU
		{6043B8C0-B33D-4898-BA1A-D97FA8F1F127}.Release|x86.Build.0 = Release|Any CPU
		{B2C79F47-073A-44E3-8B2A-0F3507A02A10}.Debug|Any CPU.ActiveCfg = Debug|Any CPU
		{B2C79F47-073A-44E3-8B2A-0F3507A02A10}.Debug|Any CPU.Build.0 = Debug|Any CPU
		{B2C79F47-073A-44E3-8B2A-0F3507A02A10}.Debug|x64.ActiveCfg = Debug|Any CPU
		{B2C79F47-073A-44E3-8B2A-0F3507A02A10}.Debug|x64.Build.0 = Debug|Any CPU
		{B2C79F47-073A-44E3-8B2A-0F3507A02A10}.Debug|x86.ActiveCfg = Debug|Any CPU
		{B2C79F47-073A-44E3-8B2A-0F3507A02A10}.Debug|x86.Build.0 = Debug|Any CPU
		{B2C79F47-073A-44E3-8B2A-0F3507A02A10}.Release|Any CPU.ActiveCfg = Release|Any CPU
		{B2C79F47-073A-44E3-8B2A-0F3507A02A10}.Release|Any CPU.Build.0 = Release|Any CPU
		{B2C79F47-073A-44E3-8B2A-0F3507A02A10}.Release|x64.ActiveCfg = Release|Any CPU
		{B2C79F47-073A-44E3-8B2A-0F3507A02A10}.Release|x64.Build.0 = Release|Any CPU
		{B2C79F47-073A-44E3-8B2A-0F3507A02A10}.Release|x86.ActiveCfg = Release|Any CPU
		{B2C79F47-073A-44E3-8B2A-0F3507A02A10}.Release|x86.Build.0 = Release|Any CPU
		{2E06055D-E13E-4266-ABBA-D270B9C0BCB0}.Debug|Any CPU.ActiveCfg = Debug|Any CPU
		{2E06055D-E13E-4266-ABBA-D270B9C0BCB0}.Debug|Any CPU.Build.0 = Debug|Any CPU
		{2E06055D-E13E-4266-ABBA-D270B9C0BCB0}.Debug|x64.ActiveCfg = Debug|Any CPU
		{2E06055D-E13E-4266-ABBA-D270B9C0BCB0}.Debug|x64.Build.0 = Debug|Any CPU
		{2E06055D-E13E-4266-ABBA-D270B9C0BCB0}.Debug|x86.ActiveCfg = Debug|Any CPU
		{2E06055D-E13E-4266-ABBA-D270B9C0BCB0}.Debug|x86.Build.0 = Debug|Any CPU
		{2E06055D-E13E-4266-ABBA-D270B9C0BCB0}.Release|Any CPU.ActiveCfg = Release|Any CPU
		{2E06055D-E13E-4266-ABBA-D270B9C0BCB0}.Release|Any CPU.Build.0 = Release|Any CPU
		{2E06055D-E13E-4266-ABBA-D270B9C0BCB0}.Release|x64.ActiveCfg = Release|Any CPU
		{2E06055D-E13E-4266-ABBA-D270B9C0BCB0}.Release|x64.Build.0 = Release|Any CPU
		{2E06055D-E13E-4266-ABBA-D270B9C0BCB0}.Release|x86.ActiveCfg = Release|Any CPU
		{2E06055D-E13E-4266-ABBA-D270B9C0BCB0}.Release|x86.Build.0 = Release|Any CPU
		{2498C72E-7351-4A51-B21D-558E1ACA037C}.Debug|Any CPU.ActiveCfg = Debug|Any CPU
		{2498C72E-7351-4A51-B21D-558E1ACA037C}.Debug|Any CPU.Build.0 = Debug|Any CPU
		{2498C72E-7351-4A51-B21D-558E1ACA037C}.Debug|x64.ActiveCfg = Debug|Any CPU
		{2498C72E-7351-4A51-B21D-558E1ACA037C}.Debug|x64.Build.0 = Debug|Any CPU
		{2498C72E-7351-4A51-B21D-558E1ACA037C}.Debug|x86.ActiveCfg = Debug|Any CPU
		{2498C72E-7351-4A51-B21D-558E1ACA037C}.Debug|x86.Build.0 = Debug|Any CPU
		{2498C72E-7351-4A51-B21D-558E1ACA037C}.Release|Any CPU.ActiveCfg = Release|Any CPU
		{2498C72E-7351-4A51-B21D-558E1ACA037C}.Release|Any CPU.Build.0 = Release|Any CPU
		{2498C72E-7351-4A51-B21D-558E1ACA037C}.Release|x64.ActiveCfg = Release|Any CPU
		{2498C72E-7351-4A51-B21D-558E1ACA037C}.Release|x64.Build.0 = Release|Any CPU
		{2498C72E-7351-4A51-B21D-558E1ACA037C}.Release|x86.ActiveCfg = Release|Any CPU
		{2498C72E-7351-4A51-B21D-558E1ACA037C}.Release|x86.Build.0 = Release|Any CPU
		{749A8035-A5DA-4B15-BF9E-21B631E24F68}.Debug|Any CPU.ActiveCfg = Debug|Any CPU
		{749A8035-A5DA-4B15-BF9E-21B631E24F68}.Debug|Any CPU.Build.0 = Debug|Any CPU
		{749A8035-A5DA-4B15-BF9E-21B631E24F68}.Debug|x64.ActiveCfg = Debug|Any CPU
		{749A8035-A5DA-4B15-BF9E-21B631E24F68}.Debug|x64.Build.0 = Debug|Any CPU
		{749A8035-A5DA-4B15-BF9E-21B631E24F68}.Debug|x86.ActiveCfg = Debug|Any CPU
		{749A8035-A5DA-4B15-BF9E-21B631E24F68}.Debug|x86.Build.0 = Debug|Any CPU
		{749A8035-A5DA-4B15-BF9E-21B631E24F68}.Release|Any CPU.ActiveCfg = Release|Any CPU
		{749A8035-A5DA-4B15-BF9E-21B631E24F68}.Release|Any CPU.Build.0 = Release|Any CPU
		{749A8035-A5DA-4B15-BF9E-21B631E24F68}.Release|x64.ActiveCfg = Release|Any CPU
		{749A8035-A5DA-4B15-BF9E-21B631E24F68}.Release|x64.Build.0 = Release|Any CPU
		{749A8035-A5DA-4B15-BF9E-21B631E24F68}.Release|x86.ActiveCfg = Release|Any CPU
		{749A8035-A5DA-4B15-BF9E-21B631E24F68}.Release|x86.Build.0 = Release|Any CPU
		{6D8FE7F6-B10C-4A07-89DA-AC22F87675E9}.Debug|Any CPU.ActiveCfg = Debug|Any CPU
		{6D8FE7F6-B10C-4A07-89DA-AC22F87675E9}.Debug|Any CPU.Build.0 = Debug|Any CPU
		{6D8FE7F6-B10C-4A07-89DA-AC22F87675E9}.Debug|x64.ActiveCfg = Debug|Any CPU
		{6D8FE7F6-B10C-4A07-89DA-AC22F87675E9}.Debug|x64.Build.0 = Debug|Any CPU
		{6D8FE7F6-B10C-4A07-89DA-AC22F87675E9}.Debug|x86.ActiveCfg = Debug|Any CPU
		{6D8FE7F6-B10C-4A07-89DA-AC22F87675E9}.Debug|x86.Build.0 = Debug|Any CPU
		{6D8FE7F6-B10C-4A07-89DA-AC22F87675E9}.Release|Any CPU.ActiveCfg = Release|Any CPU
		{6D8FE7F6-B10C-4A07-89DA-AC22F87675E9}.Release|Any CPU.Build.0 = Release|Any CPU
		{6D8FE7F6-B10C-4A07-89DA-AC22F87675E9}.Release|x64.ActiveCfg = Release|Any CPU
		{6D8FE7F6-B10C-4A07-89DA-AC22F87675E9}.Release|x64.Build.0 = Release|Any CPU
		{6D8FE7F6-B10C-4A07-89DA-AC22F87675E9}.Release|x86.ActiveCfg = Release|Any CPU
		{6D8FE7F6-B10C-4A07-89DA-AC22F87675E9}.Release|x86.Build.0 = Release|Any CPU
		{A74A7EFC-9707-4C22-9DE9-1095F209E40F}.Debug|Any CPU.ActiveCfg = Debug|Any CPU
		{A74A7EFC-9707-4C22-9DE9-1095F209E40F}.Debug|Any CPU.Build.0 = Debug|Any CPU
		{A74A7EFC-9707-4C22-9DE9-1095F209E40F}.Debug|x64.ActiveCfg = Debug|Any CPU
		{A74A7EFC-9707-4C22-9DE9-1095F209E40F}.Debug|x64.Build.0 = Debug|Any CPU
		{A74A7EFC-9707-4C22-9DE9-1095F209E40F}.Debug|x86.ActiveCfg = Debug|Any CPU
		{A74A7EFC-9707-4C22-9DE9-1095F209E40F}.Debug|x86.Build.0 = Debug|Any CPU
		{A74A7EFC-9707-4C22-9DE9-1095F209E40F}.Release|Any CPU.ActiveCfg = Release|Any CPU
		{A74A7EFC-9707-4C22-9DE9-1095F209E40F}.Release|Any CPU.Build.0 = Release|Any CPU
		{A74A7EFC-9707-4C22-9DE9-1095F209E40F}.Release|x64.ActiveCfg = Release|Any CPU
		{A74A7EFC-9707-4C22-9DE9-1095F209E40F}.Release|x64.Build.0 = Release|Any CPU
		{A74A7EFC-9707-4C22-9DE9-1095F209E40F}.Release|x86.ActiveCfg = Release|Any CPU
		{A74A7EFC-9707-4C22-9DE9-1095F209E40F}.Release|x86.Build.0 = Release|Any CPU
	EndGlobalSection
	GlobalSection(SolutionProperties) = preSolution
		HideSolutionNode = FALSE
	EndGlobalSection
	GlobalSection(ExtensibilityGlobals) = postSolution
		SolutionGuid = {D6D428F9-6648-4A17-A08C-4044FE1FEBB7}
	EndGlobalSection
	GlobalSection(NestedProjects) = preSolution
		{65379E63-BBD0-4F21-828B-127A93C5BE23} = {500DE33E-99C0-44F0-831A-8239D65E964B}
		{A74A7EFC-9707-4C22-9DE9-1095F209E40F} = {65379E63-BBD0-4F21-828B-127A93C5BE23}
	EndGlobalSection
EndGlobal
